dependencies:
  espressif/cmake_utilities:
    component_hash: 351350613ceafba240b761b4ea991e0f231ac7a9f59a9ee901f751bddc0bb18f
    dependencies:
    - name: idf
      require: private
      version: '>=4.1'
    source:
      registry_url: https://components.espressif.com
      type: service
    version: 0.5.3
  espressif/i2c_bus:
    component_hash: e3dddc78baa172f4768f3973fbecbd6c6c1f2cb23cc6a36cf3132758be092482
    dependencies:
    - name: espressif/cmake_utilities
      registry_url: https://components.espressif.com
      require: private
      version: 0.*
    - name: idf
      require: private
      version: '>=4.0'
    source:
      registry_url: https://components.espressif.com
      type: service
    version: 1.4.0
  espressif2022/bmi270:
    component_hash: 6c6637680a233845d13961f23df39426a7fad9c02c6c289bf8facbb7f8624e22
    dependencies:
    - name: espressif/cmake_utilities
      registry_url: https://components.espressif.com
      require: private
      version: 0.*
    - name: espressif/i2c_bus
      registry_url: https://components.espressif.com
      require: private
      version: 1.*
    - name: idf
      require: private
      version: '>=4.4'
    source:
      registry_url: https://components.espressif.com/
      type: service
    version: 1.1.0~2
  idf:
    source:
      type: idf
    version: 6.0.0
direct_dependencies:
- espressif2022/bmi270
- idf
manifest_hash: 1e0a1f6ae69bda2be353d77cb3db5349ca7b9bb0a46e5cb2324ce4ab8bcc2407
target: esp32c6
version: 2.0.0
